
Microsoft Visual Studio Solution File, Format Version 12.00
# Visual Studio Version 16
VisualStudioVersion = 16.0.31205.134
MinimumVisualStudioVersion = 10.0.40219.1
Project("{FAE04EC0-301F-11D3-BF4B-00C04F79EFBC}") = "Verifica-week-5", "Verifica-week-5\Verifica-week-5.csproj", "{E5B0078E-80FD-40EC-93BF-F6EC795D6908}"
EndProject
Global
	GlobalSection(SolutionConfigurationPlatforms) = preSolution
		Debug|Any CPU = Debug|Any CPU
		Release|Any CPU = Release|Any CPU
	EndGlobalSection
	GlobalSection(ProjectConfigurationPlatforms) = postSolution
		{E5B0078E-80FD-40EC-93BF-F6EC795D6908}.Debug|Any CPU.ActiveCfg = Debug|Any CPU
		{E5B0078E-80FD-40EC-93BF-F6EC795D6908}.Debug|Any CPU.Build.0 = Debug|Any CPU
		{E5B0078E-80FD-40EC-93BF-F6EC795D6908}.Release|Any CPU.ActiveCfg = Release|Any CPU
		{E5B0078E-80FD-40EC-93BF-F6EC795D6908}.Release|Any CPU.Build.0 = Release|Any CPU
	EndGlobalSection
	GlobalSection(SolutionProperties) = preSolution
		HideSolutionNode = FALSE
	EndGlobalSection
	GlobalSection(ExtensibilityGlobals) = postSolution
		SolutionGuid = {8B561CB4-D800-4FAE-BD60-6B8C7CA5F291}
	EndGlobalSection
EndGlobal
